
Microsoft Visual Studio Solution File, Format Version 12.00
# Visual Studio 14
VisualStudioVersion = 14.0.24720.0
MinimumVisualStudioVersion = 10.0.40219.1
Project("{159641D6-6404-4A2A-AE62-294DE0FE8301}") = "NOAA_SSIS", "NOAA_SSIS\NOAA_SSIS.dtproj", "{09A61623-CE6C-4701-A0B0-617529CBC5A9}"
EndProject
Global
	GlobalSection(SolutionConfigurationPlatforms) = preSolution
		Development|Default = Development|Default
	EndGlobalSection
	GlobalSection(ProjectConfigurationPlatforms) = postSolution
		{09A61623-CE6C-4701-A0B0-617529CBC5A9}.Development|Default.ActiveCfg = Development
		{09A61623-CE6C-4701-A0B0-617529CBC5A9}.Development|Default.Build.0 = Development
	EndGlobalSection
	GlobalSection(SolutionProperties) = preSolution
		HideSolutionNode = FALSE
	EndGlobalSection
EndGlobal
